
Microsoft Visual Studio Solution File, Format Version 12.00
# Visual Studio Version 17
VisualStudioVersion = 17.13.35913.81
MinimumVisualStudioVersion = 10.0.40219.1
Project("{2150E333-8FDC-42A3-9474-1A3956D46DE8}") = "src", "src", "{827E0CD3-B72D-47B6-A68D-7590B98EB39B}"
EndProject
Project("{FAE04EC0-301F-11D3-BF4B-00C04F79EFBC}") = "Domain", "src\Domain\Domain.csproj", "{916F7832-6858-4160-A35E-2BCDF6A693AC}"
EndProject
Project("{FAE04EC0-301F-11D3-BF4B-00C04F79EFBC}") = "Application", "src\Application\Application.csproj", "{6E145007-9A3B-4982-8289-7279B52BC963}"
EndProject
Project("{FAE04EC0-301F-11D3-BF4B-00C04F79EFBC}") = "Infrastructure", "src\Infrastructure\Infrastructure.csproj", "{19E50CC0-A2C1-49AE-954A-9CBBA7AEC857}"
EndProject
Project("{FAE04EC0-301F-11D3-BF4B-00C04F79EFBC}") = "WebApi", "src\WebApi\WebApi.csproj", "{1B45F39B-9D6F-46BD-A10A-FF698A08B343}"
EndProject
Project("{2150E333-8FDC-42A3-9474-1A3956D46DE8}") = "tests", "tests", "{0AB3BF05-4346-4AA6-1389-037BE0695223}"
EndProject
Project("{FAE04EC0-301F-11D3-BF4B-00C04F79EFBC}") = "Application.Tests", "tests\Application.Tests\Application.Tests.csproj", "{D389C183-40BF-471D-8DCD-286FA3FF9B3A}"
EndProject
Global
	GlobalSection(SolutionConfigurationPlatforms) = preSolution
		Debug|Any CPU = Debug|Any CPU
		Debug|x64 = Debug|x64
		Debug|x86 = Debug|x86
		Release|Any CPU = Release|Any CPU
		Release|x64 = Release|x64
		Release|x86 = Release|x86
	EndGlobalSection
	GlobalSection(ProjectConfigurationPlatforms) = postSolution
		{916F7832-6858-4160-A35E-2BCDF6A693AC}.Debug|Any CPU.ActiveCfg = Debug|Any CPU
		{916F7832-6858-4160-A35E-2BCDF6A693AC}.Debug|Any CPU.Build.0 = Debug|Any CPU
		{916F7832-6858-4160-A35E-2BCDF6A693AC}.Debug|x64.ActiveCfg = Debug|Any CPU
		{916F7832-6858-4160-A35E-2BCDF6A693AC}.Debug|x64.Build.0 = Debug|Any CPU
		{916F7832-6858-4160-A35E-2BCDF6A693AC}.Debug|x86.ActiveCfg = Debug|Any CPU
		{916F7832-6858-4160-A35E-2BCDF6A693AC}.Debug|x86.Build.0 = Debug|Any CPU
		{916F7832-6858-4160-A35E-2BCDF6A693AC}.Release|Any CPU.ActiveCfg = Release|Any CPU
		{916F7832-6858-4160-A35E-2BCDF6A693AC}.Release|Any CPU.Build.0 = Release|Any CPU
		{916F7832-6858-4160-A35E-2BCDF6A693AC}.Release|x64.ActiveCfg = Release|Any CPU
		{916F7832-6858-4160-A35E-2BCDF6A693AC}.Release|x64.Build.0 = Release|Any CPU
		{916F7832-6858-4160-A35E-2BCDF6A693AC}.Release|x86.ActiveCfg = Release|Any CPU
		{916F7832-6858-4160-A35E-2BCDF6A693AC}.Release|x86.Build.0 = Release|Any CPU
		{6E145007-9A3B-4982-8289-7279B52BC963}.Debug|Any CPU.ActiveCfg = Debug|Any CPU
		{6E145007-9A3B-4982-8289-7279B52BC963}.Debug|Any CPU.Build.0 = Debug|Any CPU
		{6E145007-9A3B-4982-8289-7279B52BC963}.Debug|x64.ActiveCfg = Debug|Any CPU
		{6E145007-9A3B-4982-8289-7279B52BC963}.Debug|x64.Build.0 = Debug|Any CPU
		{6E145007-9A3B-4982-8289-7279B52BC963}.Debug|x86.ActiveCfg = Debug|Any CPU
		{6E145007-9A3B-4982-8289-7279B52BC963}.Debug|x86.Build.0 = Debug|Any CPU
		{6E145007-9A3B-4982-8289-7279B52BC963}.Release|Any CPU.ActiveCfg = Release|Any CPU
		{6E145007-9A3B-4982-8289-7279B52BC963}.Release|Any CPU.Build.0 = Release|Any CPU
		{6E145007-9A3B-4982-8289-7279B52BC963}.Release|x64.ActiveCfg = Release|Any CPU
		{6E145007-9A3B-4982-8289-7279B52BC963}.Release|x64.Build.0 = Release|Any CPU
		{6E145007-9A3B-4982-8289-7279B52BC963}.Release|x86.ActiveCfg = Release|Any CPU
		{6E145007-9A3B-4982-8289-7279B52BC963}.Release|x86.Build.0 = Release|Any CPU
		{19E50CC0-A2C1-49AE-954A-9CBBA7AEC857}.Debug|Any CPU.ActiveCfg = Debug|Any CPU
		{19E50CC0-A2C1-49AE-954A-9CBBA7AEC857}.Debug|Any CPU.Build.0 = Debug|Any CPU
		{19E50CC0-A2C1-49AE-954A-9CBBA7AEC857}.Debug|x64.ActiveCfg = Debug|Any CPU
		{19E50CC0-A2C1-49AE-954A-9CBBA7AEC857}.Debug|x64.Build.0 = Debug|Any CPU
		{19E50CC0-A2C1-49AE-954A-9CBBA7AEC857}.Debug|x86.ActiveCfg = Debug|Any CPU
		{19E50CC0-A2C1-49AE-954A-9CBBA7AEC857}.Debug|x86.Build.0 = Debug|Any CPU
		{19E50CC0-A2C1-49AE-954A-9CBBA7AEC857}.Release|Any CPU.ActiveCfg = Release|Any CPU
		{19E50CC0-A2C1-49AE-954A-9CBBA7AEC857}.Release|Any CPU.Build.0 = Release|Any CPU
		{19E50CC0-A2C1-49AE-954A-9CBBA7AEC857}.Release|x64.ActiveCfg = Release|Any CPU
		{19E50CC0-A2C1-49AE-954A-9CBBA7AEC857}.Release|x64.Build.0 = Release|Any CPU
		{19E50CC0-A2C1-49AE-954A-9CBBA7AEC857}.Release|x86.ActiveCfg = Release|Any CPU
		{19E50CC0-A2C1-49AE-954A-9CBBA7AEC857}.Release|x86.Build.0 = Release|Any CPU
		{1B45F39B-9D6F-46BD-A10A-FF698A08B343}.Debug|Any CPU.ActiveCfg = Debug|Any CPU
		{1B45F39B-9D6F-46BD-A10A-FF698A08B343}.Debug|Any CPU.Build.0 = Debug|Any CPU
		{1B45F39B-9D6F-46BD-A10A-FF698A08B343}.Debug|x64.ActiveCfg = Debug|Any CPU
		{1B45F39B-9D6F-46BD-A10A-FF698A08B343}.Debug|x64.Build.0 = Debug|Any CPU
		{1B45F39B-9D6F-46BD-A10A-FF698A08B343}.Debug|x86.ActiveCfg = Debug|Any CPU
		{1B45F39B-9D6F-46BD-A10A-FF698A08B343}.Debug|x86.Build.0 = Debug|Any CPU
		{1B45F39B-9D6F-46BD-A10A-FF698A08B343}.Release|Any CPU.ActiveCfg = Release|Any CPU
		{1B45F39B-9D6F-46BD-A10A-FF698A08B343}.Release|Any CPU.Build.0 = Release|Any CPU
		{1B45F39B-9D6F-46BD-A10A-FF698A08B343}.Release|x64.ActiveCfg = Release|Any CPU
		{1B45F39B-9D6F-46BD-A10A-FF698A08B343}.Release|x64.Build.0 = Release|Any CPU
		{1B45F39B-9D6F-46BD-A10A-FF698A08B343}.Release|x86.ActiveCfg = Release|Any CPU
		{1B45F39B-9D6F-46BD-A10A-FF698A08B343}.Release|x86.Build.0 = Release|Any CPU
		{D389C183-40BF-471D-8DCD-286FA3FF9B3A}.Debug|Any CPU.ActiveCfg = Debug|Any CPU
		{D389C183-40BF-471D-8DCD-286FA3FF9B3A}.Debug|Any CPU.Build.0 = Debug|Any CPU
		{D389C183-40BF-471D-8DCD-286FA3FF9B3A}.Debug|x64.ActiveCfg = Debug|Any CPU
		{D389C183-40BF-471D-8DCD-286FA3FF9B3A}.Debug|x64.Build.0 = Debug|Any CPU
		{D389C183-40BF-471D-8DCD-286FA3FF9B3A}.Debug|x86.ActiveCfg = Debug|Any CPU
		{D389C183-40BF-471D-8DCD-286FA3FF9B3A}.Debug|x86.Build.0 = Debug|Any CPU
		{D389C183-40BF-471D-8DCD-286FA3FF9B3A}.Release|Any CPU.ActiveCfg = Release|Any CPU
		{D389C183-40BF-471D-8DCD-286FA3FF9B3A}.Release|Any CPU.Build.0 = Release|Any CPU
		{D389C183-40BF-471D-8DCD-286FA3FF9B3A}.Release|x64.ActiveCfg = Release|Any CPU
		{D389C183-40BF-471D-8DCD-286FA3FF9B3A}.Release|x64.Build.0 = Release|Any CPU
		{D389C183-40BF-471D-8DCD-286FA3FF9B3A}.Release|x86.ActiveCfg = Release|Any CPU
		{D389C183-40BF-471D-8DCD-286FA3FF9B3A}.Release|x86.Build.0 = Release|Any CPU
	EndGlobalSection
	GlobalSection(SolutionProperties) = preSolution
		HideSolutionNode = FALSE
	EndGlobalSection
	GlobalSection(NestedProjects) = preSolution
		{916F7832-6858-4160-A35E-2BCDF6A693AC} = {827E0CD3-B72D-47B6-A68D-7590B98EB39B}
		{6E145007-9A3B-4982-8289-7279B52BC963} = {827E0CD3-B72D-47B6-A68D-7590B98EB39B}
		{19E50CC0-A2C1-49AE-954A-9CBBA7AEC857} = {827E0CD3-B72D-47B6-A68D-7590B98EB39B}
		{1B45F39B-9D6F-46BD-A10A-FF698A08B343} = {827E0CD3-B72D-47B6-A68D-7590B98EB39B}
		{D389C183-40BF-471D-8DCD-286FA3FF9B3A} = {0AB3BF05-4346-4AA6-1389-037BE0695223}
	EndGlobalSection
	GlobalSection(ExtensibilityGlobals) = postSolution
		SolutionGuid = {B1840580-CEFC-472C-8EB2-C8EA65478B78}
	EndGlobalSection
EndGlobal
